
Microsoft Visual Studio Solution File, Format Version 12.00
# Visual Studio Version 17
VisualStudioVersion = 17.11.35327.3
MinimumVisualStudioVersion = 10.0.40219.1
Project("{FAE04EC0-301F-11D3-BF4B-00C04F79EFBC}") = "SalonYonetimUygulamasi", "SalonYonetimUygulamasi.csproj", "{C71FE2CF-F077-4A8B-B042-DB127D937A2C}"
EndProject
Global
	GlobalSection(SolutionConfigurationPlatforms) = preSolution
		Debug|Any CPU = Debug|Any CPU
		Release|Any CPU = Release|Any CPU
	EndGlobalSection
	GlobalSection(ProjectConfigurationPlatforms) = postSolution
		{C71FE2CF-F077-4A8B-B042-DB127D937A2C}.Debug|Any CPU.ActiveCfg = Debug|Any CPU
		{C71FE2CF-F077-4A8B-B042-DB127D937A2C}.Debug|Any CPU.Build.0 = Debug|Any CPU
		{C71FE2CF-F077-4A8B-B042-DB127D937A2C}.Release|Any CPU.ActiveCfg = Release|Any CPU
		{C71FE2CF-F077-4A8B-B042-DB127D937A2C}.Release|Any CPU.Build.0 = Release|Any CPU
	EndGlobalSection
	GlobalSection(SolutionProperties) = preSolution
		HideSolutionNode = FALSE
	EndGlobalSection
	GlobalSection(ExtensibilityGlobals) = postSolution
		SolutionGuid = {A3886D8F-89B3-4E43-9EA7-C4C240473008}
	EndGlobalSection
EndGlobal
